
Microsoft Visual Studio Solution File, Format Version 12.00
# Visual Studio 14
VisualStudioVersion = 14.0.25420.1
MinimumVisualStudioVersion = 10.0.40219.1
Project("{FAE04EC0-301F-11D3-BF4B-00C04F79EFBC}") = "20 November 2016 - Evening", "20 November 2016 - Evening\20 November 2016 - Evening.csproj", "{C0CCBBED-AEFF-4764-9264-F540148AF2F4}"
EndProject
Project("{FAE04EC0-301F-11D3-BF4B-00C04F79EFBC}") = "Problem05", "Problem05\Problem05.csproj", "{C6CAC05E-3200-4DF1-8CD6-DFC8BC061D0D}"
EndProject
Project("{FAE04EC0-301F-11D3-BF4B-00C04F79EFBC}") = "Problem04", "Problem04\Problem04.csproj", "{5717827E-78A4-4E0F-93D3-0FBF36FB04E6}"
EndProject
Global
	GlobalSection(SolutionConfigurationPlatforms) = preSolution
		Debug|Any CPU = Debug|Any CPU
		Release|Any CPU = Release|Any CPU
	EndGlobalSection
	GlobalSection(ProjectConfigurationPlatforms) = postSolution
		{C0CCBBED-AEFF-4764-9264-F540148AF2F4}.Debug|Any CPU.ActiveCfg = Debug|Any CPU
		{C0CCBBED-AEFF-4764-9264-F540148AF2F4}.Debug|Any CPU.Build.0 = Debug|Any CPU
		{C0CCBBED-AEFF-4764-9264-F540148AF2F4}.Release|Any CPU.ActiveCfg = Release|Any CPU
		{C0CCBBED-AEFF-4764-9264-F540148AF2F4}.Release|Any CPU.Build.0 = Release|Any CPU
		{C6CAC05E-3200-4DF1-8CD6-DFC8BC061D0D}.Debug|Any CPU.ActiveCfg = Debug|Any CPU
		{C6CAC05E-3200-4DF1-8CD6-DFC8BC061D0D}.Debug|Any CPU.Build.0 = Debug|Any CPU
		{C6CAC05E-3200-4DF1-8CD6-DFC8BC061D0D}.Release|Any CPU.ActiveCfg = Release|Any CPU
		{C6CAC05E-3200-4DF1-8CD6-DFC8BC061D0D}.Release|Any CPU.Build.0 = Release|Any CPU
		{5717827E-78A4-4E0F-93D3-0FBF36FB04E6}.Debug|Any CPU.ActiveCfg = Debug|Any CPU
		{5717827E-78A4-4E0F-93D3-0FBF36FB04E6}.Debug|Any CPU.Build.0 = Debug|Any CPU
		{5717827E-78A4-4E0F-93D3-0FBF36FB04E6}.Release|Any CPU.ActiveCfg = Release|Any CPU
		{5717827E-78A4-4E0F-93D3-0FBF36FB04E6}.Release|Any CPU.Build.0 = Release|Any CPU
	EndGlobalSection
	GlobalSection(SolutionProperties) = preSolution
		HideSolutionNode = FALSE
	EndGlobalSection
EndGlobal
