
Microsoft Visual Studio Solution File, Format Version 12.00
# Visual Studio 14
VisualStudioVersion = 14.0.25420.1
MinimumVisualStudioVersion = 10.0.40219.1
Project("{FAE04EC0-301F-11D3-BF4B-00C04F79EFBC}") = "19March2017Evening", "19March2017Evening\19March2017Evening.csproj", "{FDEB80F9-2260-4405-8F03-C541C6B42950}"
EndProject
Project("{FAE04EC0-301F-11D3-BF4B-00C04F79EFBC}") = "Problem 02", "Problem 02\Problem 02.csproj", "{473F40A5-32EF-4926-B460-3C322AE4D301}"
EndProject
Project("{FAE04EC0-301F-11D3-BF4B-00C04F79EFBC}") = "Problem03", "Problem03\Problem03.csproj", "{525218D3-C835-4AEC-8360-B9CB0CA85CBB}"
EndProject
Project("{FAE04EC0-301F-11D3-BF4B-00C04F79EFBC}") = "Problem04", "Problem04\Problem04.csproj", "{FE90D604-9840-43A7-9833-68DB51D4485B}"
EndProject
Project("{FAE04EC0-301F-11D3-BF4B-00C04F79EFBC}") = "Problem05", "Problem05\Problem05.csproj", "{0D327B56-ED93-4738-839B-14D10ECCB3C3}"
EndProject
Project("{FAE04EC0-301F-11D3-BF4B-00C04F79EFBC}") = "Problem06", "Problem06\Problem06.csproj", "{D345D684-7E8F-4C47-84A9-9905394CCB99}"
EndProject
Global
	GlobalSection(SolutionConfigurationPlatforms) = preSolution
		Debug|Any CPU = Debug|Any CPU
		Release|Any CPU = Release|Any CPU
	EndGlobalSection
	GlobalSection(ProjectConfigurationPlatforms) = postSolution
		{FDEB80F9-2260-4405-8F03-C541C6B42950}.Debug|Any CPU.ActiveCfg = Debug|Any CPU
		{FDEB80F9-2260-4405-8F03-C541C6B42950}.Debug|Any CPU.Build.0 = Debug|Any CPU
		{FDEB80F9-2260-4405-8F03-C541C6B42950}.Release|Any CPU.ActiveCfg = Release|Any CPU
		{FDEB80F9-2260-4405-8F03-C541C6B42950}.Release|Any CPU.Build.0 = Release|Any CPU
		{473F40A5-32EF-4926-B460-3C322AE4D301}.Debug|Any CPU.ActiveCfg = Debug|Any CPU
		{473F40A5-32EF-4926-B460-3C322AE4D301}.Debug|Any CPU.Build.0 = Debug|Any CPU
		{473F40A5-32EF-4926-B460-3C322AE4D301}.Release|Any CPU.ActiveCfg = Release|Any CPU
		{473F40A5-32EF-4926-B460-3C322AE4D301}.Release|Any CPU.Build.0 = Release|Any CPU
		{525218D3-C835-4AEC-8360-B9CB0CA85CBB}.Debug|Any CPU.ActiveCfg = Debug|Any CPU
		{525218D3-C835-4AEC-8360-B9CB0CA85CBB}.Debug|Any CPU.Build.0 = Debug|Any CPU
		{525218D3-C835-4AEC-8360-B9CB0CA85CBB}.Release|Any CPU.ActiveCfg = Release|Any CPU
		{525218D3-C835-4AEC-8360-B9CB0CA85CBB}.Release|Any CPU.Build.0 = Release|Any CPU
		{FE90D604-9840-43A7-9833-68DB51D4485B}.Debug|Any CPU.ActiveCfg = Debug|Any CPU
		{FE90D604-9840-43A7-9833-68DB51D4485B}.Debug|Any CPU.Build.0 = Debug|Any CPU
		{FE90D604-9840-43A7-9833-68DB51D4485B}.Release|Any CPU.ActiveCfg = Release|Any CPU
		{FE90D604-9840-43A7-9833-68DB51D4485B}.Release|Any CPU.Build.0 = Release|Any CPU
		{0D327B56-ED93-4738-839B-14D10ECCB3C3}.Debug|Any CPU.ActiveCfg = Debug|Any CPU
		{0D327B56-ED93-4738-839B-14D10ECCB3C3}.Debug|Any CPU.Build.0 = Debug|Any CPU
		{0D327B56-ED93-4738-839B-14D10ECCB3C3}.Release|Any CPU.ActiveCfg = Release|Any CPU
		{0D327B56-ED93-4738-839B-14D10ECCB3C3}.Release|Any CPU.Build.0 = Release|Any CPU
		{D345D684-7E8F-4C47-84A9-9905394CCB99}.Debug|Any CPU.ActiveCfg = Debug|Any CPU
		{D345D684-7E8F-4C47-84A9-9905394CCB99}.Debug|Any CPU.Build.0 = Debug|Any CPU
		{D345D684-7E8F-4C47-84A9-9905394CCB99}.Release|Any CPU.ActiveCfg = Release|Any CPU
		{D345D684-7E8F-4C47-84A9-9905394CCB99}.Release|Any CPU.Build.0 = Release|Any CPU
	EndGlobalSection
	GlobalSection(SolutionProperties) = preSolution
		HideSolutionNode = FALSE
	EndGlobalSection
EndGlobal
