
Microsoft Visual Studio Solution File, Format Version 12.00
# Visual Studio 14
VisualStudioVersion = 14.0.25420.1
MinimumVisualStudioVersion = 10.0.40219.1
Project("{FAE04EC0-301F-11D3-BF4B-00C04F79EFBC}") = "26 MARCH 2016", "26 MARCH 2016\26 MARCH 2016.csproj", "{E89D3F8F-ED01-42FA-BC3D-E412C94EB810}"
EndProject
Project("{FAE04EC0-301F-11D3-BF4B-00C04F79EFBC}") = "Problem05", "Problem05\Problem05.csproj", "{087F117A-1D31-496C-8601-29AB70721B70}"
EndProject
Project("{FAE04EC0-301F-11D3-BF4B-00C04F79EFBC}") = "Problem04", "Problem04\Problem04.csproj", "{74231FAA-8C9A-4FF9-AE76-0801F21390B0}"
EndProject
Global
	GlobalSection(SolutionConfigurationPlatforms) = preSolution
		Debug|Any CPU = Debug|Any CPU
		Release|Any CPU = Release|Any CPU
	EndGlobalSection
	GlobalSection(ProjectConfigurationPlatforms) = postSolution
		{E89D3F8F-ED01-42FA-BC3D-E412C94EB810}.Debug|Any CPU.ActiveCfg = Debug|Any CPU
		{E89D3F8F-ED01-42FA-BC3D-E412C94EB810}.Debug|Any CPU.Build.0 = Debug|Any CPU
		{E89D3F8F-ED01-42FA-BC3D-E412C94EB810}.Release|Any CPU.ActiveCfg = Release|Any CPU
		{E89D3F8F-ED01-42FA-BC3D-E412C94EB810}.Release|Any CPU.Build.0 = Release|Any CPU
		{087F117A-1D31-496C-8601-29AB70721B70}.Debug|Any CPU.ActiveCfg = Debug|Any CPU
		{087F117A-1D31-496C-8601-29AB70721B70}.Debug|Any CPU.Build.0 = Debug|Any CPU
		{087F117A-1D31-496C-8601-29AB70721B70}.Release|Any CPU.ActiveCfg = Release|Any CPU
		{087F117A-1D31-496C-8601-29AB70721B70}.Release|Any CPU.Build.0 = Release|Any CPU
		{74231FAA-8C9A-4FF9-AE76-0801F21390B0}.Debug|Any CPU.ActiveCfg = Debug|Any CPU
		{74231FAA-8C9A-4FF9-AE76-0801F21390B0}.Debug|Any CPU.Build.0 = Debug|Any CPU
		{74231FAA-8C9A-4FF9-AE76-0801F21390B0}.Release|Any CPU.ActiveCfg = Release|Any CPU
		{74231FAA-8C9A-4FF9-AE76-0801F21390B0}.Release|Any CPU.Build.0 = Release|Any CPU
	EndGlobalSection
	GlobalSection(SolutionProperties) = preSolution
		HideSolutionNode = FALSE
	EndGlobalSection
EndGlobal
